
Microsoft Visual Studio Solution File, Format Version 12.00
# Visual Studio Version 17
VisualStudioVersion = 17.0.31903.59
MinimumVisualStudioVersion = 10.0.40219.1
Project("{2150E333-8FDC-42A3-9474-1A3956D46DE8}") = "src", "src", "{AF53D253-E223-4F72-A65D-F3099E328045}"
EndProject
Project("{FAE04EC0-301F-11D3-BF4B-00C04F79EFBC}") = "SpaceDashboard.API", "src\SpaceDashboard.API\SpaceDashboard.API.csproj", "{E4A2816C-DB03-4A0A-8B83-FBC868C64A46}"
EndProject
Project("{FAE04EC0-301F-11D3-BF4B-00C04F79EFBC}") = "SpaceDashboard.Core", "src\SpaceDashboard.Core\SpaceDashboard.Core.csproj", "{05918641-5D02-40C3-9D60-215B697CD411}"
EndProject
Project("{FAE04EC0-301F-11D3-BF4B-00C04F79EFBC}") = "SpaceDashboard.Infrastructure", "src\SpaceDashboard.Infrastructure\SpaceDashboard.Infrastructure.csproj", "{51AF9733-6774-4F42-A551-EA4E9FA97F45}"
EndProject
Project("{FAE04EC0-301F-11D3-BF4B-00C04F79EFBC}") = "SpaceDashboard.Services", "src\SpaceDashboard.Services\SpaceDashboard.Services.csproj", "{EDEEC30A-16AA-47E9-85C1-CB80FFD8CAF4}"
EndProject
Project("{FAE04EC0-301F-11D3-BF4B-00C04F79EFBC}") = "SpaceDashboard.Workers", "src\SpaceDashboard.Workers\SpaceDashboard.Workers.csproj", "{06F7EE98-3BC2-4DDC-BBD3-21F9CA6F7E0D}"
EndProject
Project("{FAE04EC0-301F-11D3-BF4B-00C04F79EFBC}") = "SpaceDashboard.LegacyWorker", "src\SpaceDashboard.LegacyWorker\SpaceDashboard.LegacyWorker.csproj", "{2AD09FA2-2D25-4BB1-AA8E-6A826E490C12}"
EndProject
Global
	GlobalSection(SolutionConfigurationPlatforms) = preSolution
		Debug|Any CPU = Debug|Any CPU
		Release|Any CPU = Release|Any CPU
	EndGlobalSection
	GlobalSection(SolutionProperties) = preSolution
		HideSolutionNode = FALSE
	EndGlobalSection
	GlobalSection(ProjectConfigurationPlatforms) = postSolution
		{E4A2816C-DB03-4A0A-8B83-FBC868C64A46}.Debug|Any CPU.ActiveCfg = Debug|Any CPU
		{E4A2816C-DB03-4A0A-8B83-FBC868C64A46}.Debug|Any CPU.Build.0 = Debug|Any CPU
		{E4A2816C-DB03-4A0A-8B83-FBC868C64A46}.Release|Any CPU.ActiveCfg = Release|Any CPU
		{E4A2816C-DB03-4A0A-8B83-FBC868C64A46}.Release|Any CPU.Build.0 = Release|Any CPU
		{05918641-5D02-40C3-9D60-215B697CD411}.Debug|Any CPU.ActiveCfg = Debug|Any CPU
		{05918641-5D02-40C3-9D60-215B697CD411}.Debug|Any CPU.Build.0 = Debug|Any CPU
		{05918641-5D02-40C3-9D60-215B697CD411}.Release|Any CPU.ActiveCfg = Release|Any CPU
		{05918641-5D02-40C3-9D60-215B697CD411}.Release|Any CPU.Build.0 = Release|Any CPU
		{51AF9733-6774-4F42-A551-EA4E9FA97F45}.Debug|Any CPU.ActiveCfg = Debug|Any CPU
		{51AF9733-6774-4F42-A551-EA4E9FA97F45}.Debug|Any CPU.Build.0 = Debug|Any CPU
		{51AF9733-6774-4F42-A551-EA4E9FA97F45}.Release|Any CPU.ActiveCfg = Release|Any CPU
		{51AF9733-6774-4F42-A551-EA4E9FA97F45}.Release|Any CPU.Build.0 = Release|Any CPU
		{EDEEC30A-16AA-47E9-85C1-CB80FFD8CAF4}.Debug|Any CPU.ActiveCfg = Debug|Any CPU
		{EDEEC30A-16AA-47E9-85C1-CB80FFD8CAF4}.Debug|Any CPU.Build.0 = Debug|Any CPU
		{EDEEC30A-16AA-47E9-85C1-CB80FFD8CAF4}.Release|Any CPU.ActiveCfg = Release|Any CPU
		{EDEEC30A-16AA-47E9-85C1-CB80FFD8CAF4}.Release|Any CPU.Build.0 = Release|Any CPU
		{06F7EE98-3BC2-4DDC-BBD3-21F9CA6F7E0D}.Debug|Any CPU.ActiveCfg = Debug|Any CPU
		{06F7EE98-3BC2-4DDC-BBD3-21F9CA6F7E0D}.Debug|Any CPU.Build.0 = Debug|Any CPU
		{06F7EE98-3BC2-4DDC-BBD3-21F9CA6F7E0D}.Release|Any CPU.ActiveCfg = Release|Any CPU
		{06F7EE98-3BC2-4DDC-BBD3-21F9CA6F7E0D}.Release|Any CPU.Build.0 = Release|Any CPU
		{2AD09FA2-2D25-4BB1-AA8E-6A826E490C12}.Debug|Any CPU.ActiveCfg = Debug|Any CPU
		{2AD09FA2-2D25-4BB1-AA8E-6A826E490C12}.Debug|Any CPU.Build.0 = Debug|Any CPU
		{2AD09FA2-2D25-4BB1-AA8E-6A826E490C12}.Release|Any CPU.ActiveCfg = Release|Any CPU
		{2AD09FA2-2D25-4BB1-AA8E-6A826E490C12}.Release|Any CPU.Build.0 = Release|Any CPU
	EndGlobalSection
	GlobalSection(NestedProjects) = preSolution
		{E4A2816C-DB03-4A0A-8B83-FBC868C64A46} = {AF53D253-E223-4F72-A65D-F3099E328045}
		{05918641-5D02-40C3-9D60-215B697CD411} = {AF53D253-E223-4F72-A65D-F3099E328045}
		{51AF9733-6774-4F42-A551-EA4E9FA97F45} = {AF53D253-E223-4F72-A65D-F3099E328045}
		{EDEEC30A-16AA-47E9-85C1-CB80FFD8CAF4} = {AF53D253-E223-4F72-A65D-F3099E328045}
		{06F7EE98-3BC2-4DDC-BBD3-21F9CA6F7E0D} = {AF53D253-E223-4F72-A65D-F3099E328045}
		{2AD09FA2-2D25-4BB1-AA8E-6A826E490C12} = {AF53D253-E223-4F72-A65D-F3099E328045}
	EndGlobalSection
EndGlobal
